PODS:
  - Flutter (1.0.0)
  - FunctionalSwift (1.2.0)
  - MoneyAuth (2.21.0):
    - FunctionalSwift
    - ThreatMetrixAdapter
    - YooMoneyCoreApi
  - ThreatMetrixAdapter (2.0.0)
  - yandex_kassa (0.0.1):
    - Flutter
    - YooKassaPayments
  - YandexMobileMetrica/Dynamic (3.12.0):
    - YandexMobileMetrica/Dynamic/Core (= 3.12.0)
    - YandexMobileMetrica/Dynamic/Crashes (= 3.12.0)
  - YandexMobileMetrica/Dynamic/Core (3.12.0)
  - YandexMobileMetrica/Dynamic/Crashes (3.12.0):
    - YandexMobileMetrica/Dynamic/Core
  - YooKassaPayments (5.4.0):
    - MoneyAuth (~> 2.21.0)
    - ThreatMetrixAdapter (~> 2.0.0)
    - YandexMobileMetrica/Dynamic (~> 3.12.0)
    - YooKassaPaymentsApi (~> 2.3.0)
    - YooKassaWalletApi (~> 2.3.0)
    - YooMoneyCoreApi (~> 1.9.0)
  - YooKassaPaymentsApi (2.3.0):
    - FunctionalSwift (~> 1.2.0)
    - YooMoneyCoreApi (~> 1.9.0)
  - YooKassaWalletApi (2.3.0):
    - FunctionalSwift (~> 1.2.0)
    - YooMoneyCoreApi (~> 1.9.0)
  - YooMoneyCoreApi (1.9.1):
    - FunctionalSwift (~> 1.2.0)

DEPENDENCIES:
  - Flutter (from `Flutter`)
  - yandex_kassa (from `.symlinks/plugins/yandex_kassa/ios`)
  - YooKassaPayments (from `https://github.com/yoomoney/yookassa-payments-swift.git`, tag `5.4.0`)

SPEC REPOS:
  https://github.com/CocoaPods/Specs.git:
    - FunctionalSwift
    - YandexMobileMetrica
    - YooKassaPaymentsApi
    - YooKassaWalletApi
    - YooMoneyCoreApi
  https://github.com/yoomoney-tech/cocoa-pod-specs.git:
    - MoneyAuth
    - ThreatMetrixAdapter

EXTERNAL SOURCES:
  Flutter:
    :path: Flutter
  yandex_kassa:
    :path: ".symlinks/plugins/yandex_kassa/ios"
  YooKassaPayments:
    :git: https://github.com/yoomoney/yookassa-payments-swift.git
    :tag: 5.4.0

CHECKOUT OPTIONS:
  YooKassaPayments:
    :git: https://github.com/yoomoney/yookassa-payments-swift.git
    :tag: 5.4.0

SPEC CHECKSUMS:
  Flutter: 0e3d915762c693b495b44d77113d4970485de6ec
  FunctionalSwift: 1b839fcf50b8db067885938df54f818518356dbb
  MoneyAuth: 60e6885924b05d05dbe13c91d034db37cd2d918f
  ThreatMetrixAdapter: c5ea4cc20dd82931fabeb596c3e86d300c2d14fb
  yandex_kassa: 471d4790483aff405922be48c399221f6621b544
  YandexMobileMetrica: 7ba67267e1ef841f77d5db17a5091b8e9eba911f
  YooKassaPayments: 8f4050a055f1c62b22d4cfab3e4f50676b9fbf57
  YooKassaPaymentsApi: 66302803d0389fbc27238d8ff9447c10ac1e31bf
  YooKassaWalletApi: 9ca2fa3c2827721d646ee8f770509e7eeea98743
  YooMoneyCoreApi: 0d4da37a1619a4c92df0962ecc48d1665dbae4f4

PODFILE CHECKSUM: 0bde2899bb1c90085684705dd96fc45a22ea8780

COCOAPODS: 1.10.1
